// !$*UTF8*$!
{
	archiveVersion = 1;
	classes = {
	};
	objectVersion = 48;
	objects = {

/* Begin PBXBuildFile section */
		85C85159202AC77500B94074 /* AppDelegate.swift in Sources */ = {isa = PBXBuildFile; fileRef = 85C85158202AC77500B94074 /* AppDelegate.swift */; };
		85C8515B202AC77500B94074 /* ViewController.swift in Sources */ = {isa = PBXBuildFile; fileRef = 85C8515A202AC77500B94074 /* ViewController.swift */; };
		85C8515E202AC77500B94074 /* Main.storyboard in Resources */ = {isa = PBXBuildFile; fileRef = 85C8515C202AC77500B94074 /* Main.storyboard */; };
		85C85160202AC77500B94074 /* Assets.xcassets in Resources */ = {isa = PBXBuildFile; fileRef = 85C8515F202AC77500B94074 /* Assets.xcassets */; };
		85C85163202AC77500B94074 /* LaunchScreen.storyboard in Resources */ = {isa = PBXBuildFile; fileRef = 85C85161202AC77500B94074 /* LaunchScreen.storyboard */; };
		85C8516E202AC77500B94074 /* todoeyTests.swift in Sources */ = {isa = PBXBuildFile; fileRef = 85C8516D202AC77500B94074 /* todoeyTests.swift */; };
		85C85179202AC77500B94074 /* todoeyUITests.swift in Sources */ = {isa = PBXBuildFile; fileRef = 85C85178202AC77500B94074 /* todoeyUITests.swift */; };
/* End PBXBuildFile section */

/* Begin PBXContainerItemProxy section */
		85C8516A202AC77500B94074 /* PBXContainerItemProxy */ = {
			isa = PBXContainerItemProxy;
			containerPortal = 85C8514D202AC77500B94074 /* Project object */;
			proxyType = 1;
			remoteGlobalIDString = 85C85154202AC77500B94074;
			remoteInfo = todoey;
		};
		85C85175202AC77500B94074 /* PBXContainerItemProxy */ = {
			isa = PBXContainerItemProxy;
			containerPortal = 85C8514D202AC77500B94074 /* Project object */;
			proxyType = 1;
			remoteGlobalIDString = 85C85154202AC77500B94074;
			remoteInfo = todoey;
		};
/* End PBXContainerItemProxy section */

/* Begin PBXFileReference section */
		85C85155202AC77500B94074 /* todoey.app */ = {isa = PBXFileReference; explicitFileType = wrapper.application; includeInIndex = 0; path = todoey.app; sourceTree = BUILT_PRODUCTS_DIR; };
		85C85158202AC77500B94074 /* AppDelegate.swift */ = {isa = PBXFileReference; lastKnownFileType = sourcecode.swift; path = AppDelegate.swift; sourceTree = "<group>"; };
		85C8515A202AC77500B94074 /* ViewController.swift */ = {isa = PBXFileReference; lastKnownFileType = sourcecode.swift; path = ViewController.swift; sourceTree = "<group>"; };
		85C8515D202AC77500B94074 /* Base */ = {isa = PBXFileReference; lastKnownFileType = file.storyboard; name = Base; path = Base.lproj/Main.storyboard; sourceTree = "<group>"; };
		85C8515F202AC77500B94074 /* Assets.xcassets */ = {isa = PBXFileReference; lastKnownFileType = folder.assetcatalog; path = Assets.xcassets; sourceTree = "<group>"; };
		85C85162202AC77500B94074 /* Base */ = {isa = PBXFileReference; lastKnownFileType = file.storyboard; name = Base; path = Base.lproj/LaunchScreen.storyboard; sourceTree = "<group>"; };
		85C85164202AC77500B94074 /* Info.plist */ = {isa = PBXFileReference; lastKnownFileType = text.plist.xml; path = Info.plist; sourceTree = "<group>"; };
		85C85169202AC77500B94074 /* todoeyTests.xctest */ = {isa = PBXFileReference; explicitFileType = wrapper.cfbundle; includeInIndex = 0; path = todoeyTests.xctest; sourceTree = BUILT_PRODUCTS_DIR; };
		85C8516D202AC77500B94074 /* todoeyTests.swift */ = {isa = PBXFileReference; lastKnownFileType = sourcecode.swift; path = todoeyTests.swift; sourceTree = "<group>"; };
		85C8516F202AC77500B94074 /* Info.plist */ = {isa = PBXFileReference; lastKnownFileType = text.plist.xml; path = Info.plist; sourceTree = "<group>"; };
		85C85174202AC77500B94074 /* todoeyUITests.xctest */ = {isa = PBXFileReference; explicitFileType = wrapper.cfbundle; includeInIndex = 0; path = todoeyUITests.xctest; sourceTree = BUILT_PRODUCTS_DIR; };
		85C85178202AC77500B94074 /* todoeyUITests.swift */ = {isa = PBXFileReference; lastKnownFileType = sourcecode.swift; path = todoeyUITests.swift; sourceTree = "<group>"; };
		85C8517A202AC77500B94074 /* Info.plist */ = {isa = PBXFileReference; lastKnownFileType = text.plist.xml; path = Info.plist; sourceTree = "<group>"; };
/* End PBXFileReference section */

/* Begin PBXFrameworksBuildPhase section */
		85C85152202AC77500B94074 /* Frameworks */ = {
			isa = PBXFrameworksBuildPhase;
			buildActionMask = 2147483647;
			files = (
			);
			runOnlyForDeploymentPostprocessing = 0;
		};
		85C85166202AC77500B94074 /* Frameworks */ = {
			isa = PBXFrameworksBuildPhase;
			buildActionMask = 2147483647;
			files = (
			);
			runOnlyForDeploymentPostprocessing = 0;
		};
		85C85171202AC77500B94074 /* Frameworks */ = {
			isa = PBXFrameworksBuildPhase;
			buildActionMask = 2147483647;
			files = (
			);
			runOnlyForDeploymentPostprocessing = 0;
		};
/* End PBXFrameworksBuildPhase section */

/* Begin PBXGroup section */
		85C8514C202AC77500B94074 = {
			isa = PBXGroup;
			children = (
				85C85157202AC77500B94074 /* todoey */,
				85C8516C202AC77500B94074 /* todoeyTests */,
				85C85177202AC77500B94074 /* todoeyUITests */,
				85C85156202AC77500B94074 /* Products */,
			);
			sourceTree = "<group>";
		};
		85C85156202AC77500B94074 /* Products */ = {
			isa = PBXGroup;
			children = (
				85C85155202AC77500B94074 /* todoey.app */,
				85C85169202AC77500B94074 /* todoeyTests.xctest */,
				85C85174202AC77500B94074 /* todoeyUITests.xctest */,
			);
			name = Products;
			sourceTree = "<group>";
		};
		85C85157202AC77500B94074 /* todoey */ = {
			isa = PBXGroup;
			children = (
				85C85158202AC77500B94074 /* AppDelegate.swift */,
				85C8515A202AC77500B94074 /* ViewController.swift */,
				85C8515C202AC77500B94074 /* Main.storyboard */,
				85C8515F202AC77500B94074 /* Assets.xcassets */,
				85C85161202AC77500B94074 /* LaunchScreen.storyboard */,
				85C85164202AC77500B94074 /* Info.plist */,
			);
			path = todoey;
			sourceTree = "<group>";
		};
		85C8516C202AC77500B94074 /* todoeyTests */ = {
			isa = PBXGroup;
			children = (
				85C8516D202AC77500B94074 /* todoeyTests.swift */,
				85C8516F202AC77500B94074 /* Info.plist */,
			);
			path = todoeyTests;
			sourceTree = "<group>";
		};
		85C85177202AC77500B94074 /* todoeyUITests */ = {
			isa = PBXGroup;
			children = (
				85C85178202AC77500B94074 /* todoeyUITests.swift */,
				85C8517A202AC77500B94074 /* Info.plist */,
			);
			path = todoeyUITests;
			sourceTree = "<group>";
		};
/* End PBXGroup section */

/* Begin PBXNativeTarget section */
		85C85154202AC77500B94074 /* todoey */ = {
			isa = PBXNativeTarget;
			buildConfigurationList = 85C8517D202AC77500B94074 /* Build configuration list for PBXNativeTarget "todoey" */;
			buildPhases = (
				85C85151202AC77500B94074 /* Sources */,
				85C85152202AC77500B94074 /* Frameworks */,
				85C85153202AC77500B94074 /* Resources */,
			);
			buildRules = (
			);
			dependencies = (
			);
			name = todoey;
			productName = todoey;
			productReference = 85C85155202AC77500B94074 /* todoey.app */;
			productType = "com.apple.product-type.application";
		};
		85C85168202AC77500B94074 /* todoeyTests */ = {
			isa = PBXNativeTarget;
			buildConfigurationList = 85C85180202AC77500B94074 /* Build configuration list for PBXNativeTarget "todoeyTests" */;
			buildPhases = (
				85C85165202AC77500B94074 /* Sources */,
				85C85166202AC77500B94074 /* Frameworks */,
				85C85167202AC77500B94074 /* Resources */,
			);
			buildRules = (
			);
			dependencies = (
				85C8516B202AC77500B94074 /* PBXTargetDependency */,
			);
			name = todoeyTests;
			productName = todoeyTests;
			productReference = 85C85169202AC77500B94074 /* todoeyTests.xctest */;
			productType = "com.apple.product-type.bundle.unit-test";
		};
		85C85173202AC77500B94074 /* todoeyUITests */ = {
			isa = PBXNativeTarget;
			buildConfigurationList = 85C85183202AC77500B94074 /* Build configuration list for PBXNativeTarget "todoeyUITests" */;
			buildPhases = (
				85C85170202AC77500B94074 /* Sources */,
				85C85171202AC77500B94074 /* Frameworks */,
				85C85172202AC77500B94074 /* Resources */,
			);
			buildRules = (
			);
			dependencies = (
				85C85176202AC77500B94074 /* PBXTargetDependency */,
			);
			name = todoeyUITests;
			productName = todoeyUITests;
			productReference = 85C85174202AC77500B94074 /* todoeyUITests.xctest */;
			productType = "com.apple.product-type.bundle.ui-testing";
		};
/* End PBXNativeTarget section */

/* Begin PBXProject section */
		85C8514D202AC77500B94074 /* Project object */ = {
			isa = PBXProject;
			attributes = {
				LastSwiftUpdateCheck = 0920;
				LastUpgradeCheck = 0920;
				ORGANIZATIONNAME = "Gerardo Torres ";
				TargetAttributes = {
					85C85154202AC77500B94074 = {
						CreatedOnToolsVersion = 9.2;
						ProvisioningStyle = Automatic;
					};
					85C85168202AC77500B94074 = {
						CreatedOnToolsVersion = 9.2;
						ProvisioningStyle = Automatic;
						TestTargetID = 85C85154202AC77500B94074;
					};
					85C85173202AC77500B94074 = {
						CreatedOnToolsVersion = 9.2;
						ProvisioningStyle = Automatic;
						TestTargetID = 85C85154202AC77500B94074;
					};
				};
			};
			buildConfigurationList = 85C85150202AC77500B94074 /* Build configuration list for PBXProject "todoey" */;
			compatibilityVersion = "Xcode 8.0";
			developmentRegion = en;
			hasScannedForEncodings = 0;
			knownRegions = (
				en,
				Base,
			);
			mainGroup = 85C8514C202AC77500B94074;
			productRefGroup = 85C85156202AC77500B94074 /* Products */;
			projectDirPath = "";
			projectRoot = "";
			targets = (
				85C85154202AC77500B94074 /* todoey */,
				85C85168202AC77500B94074 /* todoeyTests */,
				85C85173202AC77500B94074 /* todoeyUITests */,
			);
		};
/* End PBXProject section */

/* Begin PBXResourcesBuildPhase section */
		85C85153202AC77500B94074 /* Resources */ = {
			isa = PBXResourcesBuildPhase;
			buildActionMask = 2147483647;
			files = (
				85C85163202AC77500B94074 /* LaunchScreen.storyboard in Resources */,
				85C85160202AC77500B94074 /* Assets.xcassets in Resources */,
				85C8515E202AC77500B94074 /* Main.storyboard in Resources */,
			);
			runOnlyForDeploymentPostprocessing = 0;
		};
		85C85167202AC77500B94074 /* Resources */ = {
			isa = PBXResourcesBuildPhase;
			buildActionMask = 2147483647;
			files = (
			);
			runOnlyForDeploymentPostprocessing = 0;
		};
		85C85172202AC77500B94074 /* Resources */ = {
			isa = PBXResourcesBuildPhase;
			buildActionMask = 2147483647;
			files = (
			);
			runOnlyForDeploymentPostprocessing = 0;
		};
/* End PBXResourcesBuildPhase section */

/* Begin PBXSourcesBuildPhase section */
		85C85151202AC77500B94074 /* Sources */ = {
			isa = PBXSourcesBuildPhase;
			buildActionMask = 2147483647;
			files = (
				85C8515B202AC77500B94074 /* ViewController.swift in Sources */,
				85C85159202AC77500B94074 /* AppDelegate.swift in Sources */,
			);
			runOnlyForDeploymentPostprocessing = 0;
		};
		85C85165202AC77500B94074 /* Sources */ = {
			isa = PBXSourcesBuildPhase;
			buildActionMask = 2147483647;
			files = (
				85C8516E202AC77500B94074 /* todoeyTests.swift in Sources */,
			);
			runOnlyForDeploymentPostprocessing = 0;
		};
		85C85170202AC77500B94074 /* Sources */ = {
			isa = PBXSourcesBuildPhase;
			buildActionMask = 2147483647;
			files = (
				85C85179202AC77500B94074 /* todoeyUITests.swift in Sources */,
			);
			runOnlyForDeploymentPostprocessing = 0;
		};
/* End PBXSourcesBuildPhase section */

/* Begin PBXTargetDependency section */
		85C8516B202AC77500B94074 /* PBXTargetDependency */ = {
			isa = PBXTargetDependency;
			target = 85C85154202AC77500B94074 /* todoey */;
			targetProxy = 85C8516A202AC77500B94074 /* PBXContainerItemProxy */;
		};
		85C85176202AC77500B94074 /* PBXTargetDependency */ = {
			isa = PBXTargetDependency;
			target = 85C85154202AC77500B94074 /* todoey */;
			targetProxy = 85C85175202AC77500B94074 /* PBXContainerItemProxy */;
		};
/* End PBXTargetDependency section */

/* Begin PBXVariantGroup section */
		85C8515C202AC77500B94074 /* Main.storyboard */ = {
			isa = PBXVariantGroup;
			children = (
				85C8515D202AC77500B94074 /* Base */,
			);
			name = Main.storyboard;
			sourceTree = "<group>";
		};
		85C85161202AC77500B94074 /* LaunchScreen.storyboard */ = {
			isa = PBXVariantGroup;
			children = (
				85C85162202AC77500B94074 /* Base */,
			);
			name = LaunchScreen.storyboard;
			sourceTree = "<group>";
		};
/* End PBXVariantGroup section */

/* Begin XCBuildConfiguration section */
		85C8517B202AC77500B94074 /* Debug */ = {
			isa = XCBuildConfiguration;
			buildSettings = {
				ALWAYS_SEARCH_USER_PATHS = NO;
				CLANG_ANALYZER_NONNULL = YES;
				CLANG_ANALYZER_NUMBER_OBJECT_CONVERSION = YES_AGGRESSIVE;
				CLANG_CXX_LANGUAGE_STANDARD = "gnu++14";
				CLANG_CXX_LIBRARY = "libc++";
				CLANG_ENABLE_MODULES = YES;
				CLANG_ENABLE_OBJC_ARC = YES;
				CLANG_WARN_BLOCK_CAPTURE_AUTORELEASING = YES;
				CLANG_WARN_BOOL_CONVERSION = YES;
				CLANG_WARN_COMMA = YES;
				CLANG_WARN_CONSTANT_CONVERSION = YES;
				CLANG_WARN_DIRECT_OBJC_ISA_USAGE = YES_ERROR;
				CLANG_WARN_DOCUMENTATION_COMMENTS = YES;
				CLANG_WARN_EMPTY_BODY = YES;
				CLANG_WARN_ENUM_CONVERSION = YES;
				CLANG_WARN_INFINITE_RECURSION = YES;
				CLANG_WARN_INT_CONVERSION = YES;
				CLANG_WARN_NON_LITERAL_NULL_CONVERSION = YES;
				CLANG_WARN_OBJC_LITERAL_CONVERSION = YES;
				CLANG_WARN_OBJC_ROOT_CLASS = YES_ERROR;
				CLANG_WARN_RANGE_LOOP_ANALYSIS = YES;
				CLANG_WARN_STRICT_PROTOTYPES = YES;
				CLANG_WARN_SUSPICIOUS_MOVE = YES;
				CLANG_WARN_UNGUARDED_AVAILABILITY = YES_AGGRESSIVE;
				CLANG_WARN_UNREACHABLE_CODE = YES;
				CLANG_WARN__DUPLICATE_METHOD_MATCH = YES;
				CODE_SIGN_IDENTITY = "iPhone Developer";
				COPY_PHASE_STRIP = NO;
				DEBUG_INFORMATION_FORMAT = dwarf;
				ENABLE_STRICT_OBJC_MSGSEND = YES;
				ENABLE_TESTABILITY = YES;
				GCC_C_LANGUAGE_STANDARD = gnu11;
				GCC_DYNAMIC_NO_PIC = NO;
				GCC_NO_COMMON_BLOCKS = YES;
				GCC_OPTIMIZATION_LEVEL = 0;
				GCC_PREPROCESSOR_DEFINITIONS = (
					"DEBUG=1",
					"$(inherited)",
				);
				GCC_WARN_64_TO_32_BIT_CONVERSION = YES;
				GCC_WARN_ABOUT_RETURN_TYPE = YES_ERROR;
				GCC_WARN_UNDECLARED_SELECTOR = YES;
				GCC_WARN_UNINITIALIZED_AUTOS = YES_AGGRESSIVE;
				GCC_WARN_UNUSED_FUNCTION = YES;
				GCC_WARN_UNUSED_VARIABLE = YES;
				IPHONEOS_DEPLOYMENT_TARGET = 11.2;
				MTL_ENABLE_DEBUG_INFO = YES;
				ONLY_ACTIVE_ARCH = YES;
				SDKROOT = iphoneos;
				SWIFT_ACTIVE_COMPILATION_CONDITIONS = DEBUG;
				SWIFT_OPTIMIZATION_LEVEL = "-Onone";
			};
			name = Debug;
		};
		85C8517C202AC77500B94074 /* Release */ = {
			isa = XCBuildConfiguration;
			buildSettings = {
				ALWAYS_SEARCH_USER_PATHS = NO;
				CLANG_ANALYZER_NONNULL = YES;
				CLANG_ANALYZER_NUMBER_OBJECT_CONVERSION = YES_AGGRESSIVE;
				CLANG_CXX_LANGUAGE_STANDARD = "gnu++14";
				CLANG_CXX_LIBRARY = "libc++";
				CLANG_ENABLE_MODULES = YES;
				CLANG_ENABLE_OBJC_ARC = YES;
				CLANG_WARN_BLOCK_CAPTURE_AUTORELEASING = YES;
				CLANG_WARN_BOOL_CONVERSION = YES;
				CLANG_WARN_COMMA = YES;
				CLANG_WARN_CONSTANT_CONVERSION = YES;
				CLANG_WARN_DIRECT_OBJC_ISA_USAGE = YES_ERROR;
				CLANG_WARN_DOCUMENTATION_COMMENTS = YES;
				CLANG_WARN_EMPTY_BODY = YES;
				CLANG_WARN_ENUM_CONVERSION = YES;
				CLANG_WARN_INFINITE_RECURSION = YES;
				CLANG_WARN_INT_CONVERSION = YES;
				CLANG_WARN_NON_LITERAL_NULL_CONVERSION = YES;
				CLANG_WARN_OBJC_LITERAL_CONVERSION = YES;
				CLANG_WARN_OBJC_ROOT_CLASS = YES_ERROR;
				CLANG_WARN_RANGE_LOOP_ANALYSIS = YES;
				CLANG_WARN_STRICT_PROTOTYPES = YES;
				CLANG_WARN_SUSPICIOUS_MOVE = YES;
				CLANG_WARN_UNGUARDED_AVAILABILITY = YES_AGGRESSIVE;
				CLANG_WARN_UNREACHABLE_CODE = YES;
				CLANG_WARN__DUPLICATE_METHOD_MATCH = YES;
				CODE_SIGN_IDENTITY = "iPhone Developer";
				COPY_PHASE_STRIP = NO;
				DEBUG_INFORMATION_FORMAT = "dwarf-with-dsym";
				ENABLE_NS_ASSERTIONS = NO;
				ENABLE_STRICT_OBJC_MSGSEND = YES;
				GCC_C_LANGUAGE_STANDARD = gnu11;
				GCC_NO_COMMON_BLOCKS = YES;
				GCC_WARN_64_TO_32_BIT_CONVERSION = YES;
				GCC_WARN_ABOUT_RETURN_TYPE = YES_ERROR;
				GCC_WARN_UNDECLARED_SELECTOR = YES;
				GCC_WARN_UNINITIALIZED_AUTOS = YES_AGGRESSIVE;
				GCC_WARN_UNUSED_FUNCTION = YES;
				GCC_WARN_UNUSED_VARIABLE = YES;
				IPHONEOS_DEPLOYMENT_TARGET = 11.2;
				MTL_ENABLE_DEBUG_INFO = NO;
				SDKROOT = iphoneos;
				SWIFT_OPTIMIZATION_LEVEL = "-Owholemodule";
				VALIDATE_PRODUCT = YES;
			};
			name = Release;
		};
		85C8517E202AC77500B94074 /* Debug */ = {
			isa = XCBuildConfiguration;
			buildSettings = {
				ASSETCATALOG_COMPILER_APPICON_NAME = AppIcon;
				CODE_SIGN_STYLE = Automatic;
				DEVELOPMENT_TEAM = LAT8638CL9;
				INFOPLIST_FILE = todoey/Info.plist;
				LD_RUNPATH_SEARCH_PATHS = "$(inherited) @executable_path/Frameworks";
				PRODUCT_BUNDLE_IDENTIFIER = com.GerardoTorres.todoey;
				PRODUCT_NAME = "$(TARGET_NAME)";
				SWIFT_VERSION = 4.0;
				TARGETED_DEVICE_FAMILY = "1,2";
			};
			name = Debug;
		};
		85C8517F202AC77500B94074 /* Release */ = {
			isa = XCBuildConfiguration;
			buildSettings = {
				ASSETCATALOG_COMPILER_APPICON_NAME = AppIcon;
				CODE_SIGN_STYLE = Automatic;
				DEVELOPMENT_TEAM = LAT8638CL9;
				INFOPLIST_FILE = todoey/Info.plist;
				LD_RUNPATH_SEARCH_PATHS = "$(inherited) @executable_path/Frameworks";
				PRODUCT_BUNDLE_IDENTIFIER = com.GerardoTorres.todoey;
				PRODUCT_NAME = "$(TARGET_NAME)";
				SWIFT_VERSION = 4.0;
				TARGETED_DEVICE_FAMILY = "1,2";
			};
			name = Release;
		};
		85C85181202AC77500B94074 /* Debug */ = {
			isa = XCBuildConfiguration;
			buildSettings = {
				ALWAYS_EMBED_SWIFT_STANDARD_LIBRARIES = YES;
				BUNDLE_LOADER = "$(TEST_HOST)";
				CODE_SIGN_STYLE = Automatic;
				DEVELOPMENT_TEAM = LAT8638CL9;
				INFOPLIST_FILE = todoeyTests/Info.plist;
				LD_RUNPATH_SEARCH_PATHS = "$(inherited) @executable_path/Frameworks @loader_path/Frameworks";
				PRODUCT_BUNDLE_IDENTIFIER = com.GerardoTorres.todoeyTests;
				PRODUCT_NAME = "$(TARGET_NAME)";
				SWIFT_VERSION = 4.0;
				TARGETED_DEVICE_FAMILY = "1,2";
				TEST_HOST = "$(BUILT_PRODUCTS_DIR)/todoey.app/todoey";
			};
			name = Debug;
		};
		85C85182202AC77500B94074 /* Release */ = {
			isa = XCBuildConfiguration;
			buildSettings = {
				ALWAYS_EMBED_SWIFT_STANDARD_LIBRARIES = YES;
				BUNDLE_LOADER = "$(TEST_HOST)";
				CODE_SIGN_STYLE = Automatic;
				DEVELOPMENT_TEAM = LAT8638CL9;
				INFOPLIST_FILE = todoeyTests/Info.plist;
				LD_RUNPATH_SEARCH_PATHS = "$(inherited) @executable_path/Frameworks @loader_path/Frameworks";
				PRODUCT_BUNDLE_IDENTIFIER = com.GerardoTorres.todoeyTests;
				PRODUCT_NAME = "$(TARGET_NAME)";
				SWIFT_VERSION = 4.0;
				TARGETED_DEVICE_FAMILY = "1,2";
				TEST_HOST = "$(BUILT_PRODUCTS_DIR)/todoey.app/todoey";
			};
			name = Release;
		};
		85C85184202AC77500B94074 /* Debug */ = {
			isa = XCBuildConfiguration;
			buildSettings = {
				ALWAYS_EMBED_SWIFT_STANDARD_LIBRARIES = YES;
				CODE_SIGN_STYLE = Automatic;
				DEVELOPMENT_TEAM = LAT8638CL9;
				INFOPLIST_FILE = todoeyUITests/Info.plist;
				LD_RUNPATH_SEARCH_PATHS = "$(inherited) @executable_path/Frameworks @loader_path/Frameworks";
				PRODUCT_BUNDLE_IDENTIFIER = com.GerardoTorres.todoeyUITests;
				PRODUCT_NAME = "$(TARGET_NAME)";
				SWIFT_VERSION = 4.0;
				TARGETED_DEVICE_FAMILY = "1,2";
				TEST_TARGET_NAME = todoey;
			};
			name = Debug;
		};
		85C85185202AC77500B94074 /* Release */ = {
			isa = XCBuildConfiguration;
			buildSettings = {
				ALWAYS_EMBED_SWIFT_STANDARD_LIBRARIES = YES;
				CODE_SIGN_STYLE = Automatic;
				DEVELOPMENT_TEAM = LAT8638CL9;
				INFOPLIST_FILE = todoeyUITests/Info.plist;
				LD_RUNPATH_SEARCH_PATHS = "$(inherited) @executable_path/Frameworks @loader_path/Frameworks";
				PRODUCT_BUNDLE_IDENTIFIER = com.GerardoTorres.todoeyUITests;
				PRODUCT_NAME = "$(TARGET_NAME)";
				SWIFT_VERSION = 4.0;
				TARGETED_DEVICE_FAMILY = "1,2";
				TEST_TARGET_NAME = todoey;
			};
			name = Release;
		};
/* End XCBuildConfiguration section */

/* Begin XCConfigurationList section */
		85C85150202AC77500B94074 /* Build configuration list for PBXProject "todoey" */ = {
			isa = XCConfigurationList;
			buildConfigurations = (
				85C8517B202AC77500B94074 /* Debug */,
				85C8517C202AC77500B94074 /* Release */,
			);
			defaultConfigurationIsVisible = 0;
			defaultConfigurationName = Release;
		};
		85C8517D202AC77500B94074 /* Build configuration list for PBXNativeTarget "todoey" */ = {
			isa = XCConfigurationList;
			buildConfigurations = (
				85C8517E202AC77500B94074 /* Debug */,
				85C8517F202AC77500B94074 /* Release */,
			);
			defaultConfigurationIsVisible = 0;
			defaultConfigurationName = Release;
		};
		85C85180202AC77500B94074 /* Build configuration list for PBXNativeTarget "todoeyTests" */ = {
			isa = XCConfigurationList;
			buildConfigurations = (
				85C85181202AC77500B94074 /* Debug */,
				85C85182202AC77500B94074 /* Release */,
			);
			defaultConfigurationIsVisible = 0;
			defaultConfigurationName = Release;
		};
		85C85183202AC77500B94074 /* Build configuration list for PBXNativeTarget "todoeyUITests" */ = {
			isa = XCConfigurationList;
			buildConfigurations = (
				85C85184202AC77500B94074 /* Debug */,
				85C85185202AC77500B94074 /* Release */,
			);
			defaultConfigurationIsVisible = 0;
			defaultConfigurationName = Release;
		};
/* End XCConfigurationList section */
	};
	rootObject = 85C8514D202AC77500B94074 /* Project object */;
}
